{
  "name": "rebu",
  "lockfileVersion": 3,
  "requires": true,
  "packages": {
    "": {
      "dependencies": {
        "@mapbox/maki": "^8.0.1",
        "maki": "^2.1.0"
      }
    },
    "node_modules/@mapbox/maki": {
      "version": "8.0.1",
      "resolved": "https://registry.npmjs.org/@mapbox/maki/-/maki-8.0.1.tgz",
      "integrity": "sha512-2/83/Lm1W9GiqnYHXzmpN6EtfGf01O+iLAM/3qD9Whdrqz22Nwy6RniDMAomi9uFM6W0eoeqYDIQHxb/kB/Bfg=="
    },
    "node_modules/maki": {
      "version": "2.1.0",
      "resolved": "https://registry.npmjs.org/maki/-/maki-2.1.0.tgz",
      "integrity": "sha512-rKat2M8wvyEPkzRvuFy2r0/gzC2+0QFtNTbenCryvPxyO8O/frMnuE1BmHcHiYQbMY9O69t1T+SrneiCtFzlaw==",
      "deprecated": "maki is now namespaced, install @mapbox/maki instead"
    }
  }
}
